// !$*UTF8*$!
{
	archiveVersion = 1;
	classes = {
	};
	objectVersion = 46;
	objects = {

/* Begin PBXBuildFile section */
		6C261D2D1FF8C1FE00B875BB /* README.md in Resources */ = {isa = PBXBuildFile; fileRef = 6C261D2C1FF8C1FE00B875BB /* README.md */; };
		B71FE2C81E61762700A629A9 /* main.m in Sources */ = {isa = PBXBuildFile; fileRef = B71FE2C71E61762700A629A9 /* main.m */; };
		B71FE2CB1E61762700A629A9 /* AppDelegate.m in Sources */ = {isa = PBXBuildFile; fileRef = B71FE2CA1E61762700A629A9 /* AppDelegate.m */; };
		B71FE2CE1E61762700A629A9 /* ViewController.m in Sources */ = {isa = PBXBuildFile; fileRef = B71FE2CD1E61762700A629A9 /* ViewController.m */; };
		B71FE2D11E61762700A629A9 /* Main.storyboard in Resources */ = {isa = PBXBuildFile; fileRef = B71FE2CF1E61762700A629A9 /* Main.storyboard */; };
		B71FE2D31E61762700A629A9 /* Assets.xcassets in Resources */ = {isa = PBXBuildFile; fileRef = B71FE2D21E61762700A629A9 /* Assets.xcassets */; };
		B71FE2D61E61762700A629A9 /* LaunchScreen.storyboard in Resources */ = {isa = PBXBuildFile; fileRef = B71FE2D41E61762700A629A9 /* LaunchScreen.storyboard */; };
		B71FE2E01E61768500A629A9 /* GCFunnelChart.m in Sources */ = {isa = PBXBuildFile; fileRef = B71FE2DF1E61768500A629A9 /* GCFunnelChart.m */; };
		B71FE2E61E6176E700A629A9 /* GCFunnelChartLegend.m in Sources */ = {isa = PBXBuildFile; fileRef = B71FE2E51E6176E700A629A9 /* GCFunnelChartLegend.m */; };
		B71FE2E91E61771600A629A9 /* GCChartModel.m in Sources */ = {isa = PBXBuildFile; fileRef = B71FE2E81E61771600A629A9 /* GCChartModel.m */; };
		B71FE2EC1E61779600A629A9 /* GCFunnelSlices.m in Sources */ = {isa = PBXBuildFile; fileRef = B71FE2EB1E61779600A629A9 /* GCFunnelSlices.m */; };
		B71FE2EF1E61781200A629A9 /* GCFunnelColorPool.m in Sources */ = {isa = PBXBuildFile; fileRef = B71FE2EE1E61781200A629A9 /* GCFunnelColorPool.m */; };
/* End PBXBuildFile section */

/* Begin PBXFileReference section */
		6C261D2C1FF8C1FE00B875BB /* README.md */ = {isa = PBXFileReference; fileEncoding = 4; lastKnownFileType = net.daringfireball.markdown; path = README.md; sourceTree = SOURCE_ROOT; };
		B71FE2C31E61762700A629A9 /* gc_funnelchart_demo.app */ = {isa = PBXFileReference; explicitFileType = wrapper.application; includeInIndex = 0; path = gc_funnelchart_demo.app; sourceTree = BUILT_PRODUCTS_DIR; };
		B71FE2C71E61762700A629A9 /* main.m */ = {isa = PBXFileReference; lastKnownFileType = sourcecode.c.objc; path = main.m; sourceTree = "<group>"; };
		B71FE2C91E61762700A629A9 /* AppDelegate.h */ = {isa = PBXFileReference; lastKnownFileType = sourcecode.c.h; path = AppDelegate.h; sourceTree = "<group>"; };
		B71FE2CA1E61762700A629A9 /* AppDelegate.m */ = {isa = PBXFileReference; lastKnownFileType = sourcecode.c.objc; path = AppDelegate.m; sourceTree = "<group>"; };
		B71FE2CC1E61762700A629A9 /* ViewController.h */ = {isa = PBXFileReference; lastKnownFileType = sourcecode.c.h; path = ViewController.h; sourceTree = "<group>"; };
		B71FE2CD1E61762700A629A9 /* ViewController.m */ = {isa = PBXFileReference; lastKnownFileType = sourcecode.c.objc; path = ViewController.m; sourceTree = "<group>"; };
		B71FE2D01E61762700A629A9 /* Base */ = {isa = PBXFileReference; lastKnownFileType = file.storyboard; name = Base; path = Base.lproj/Main.storyboard; sourceTree = "<group>"; };
		B71FE2D21E61762700A629A9 /* Assets.xcassets */ = {isa = PBXFileReference; lastKnownFileType = folder.assetcatalog; path = Assets.xcassets; sourceTree = "<group>"; };
		B71FE2D51E61762700A629A9 /* Base */ = {isa = PBXFileReference; lastKnownFileType = file.storyboard; name = Base; path = Base.lproj/LaunchScreen.storyboard; sourceTree = "<group>"; };
		B71FE2D71E61762700A629A9 /* Info.plist */ = {isa = PBXFileReference; lastKnownFileType = text.plist.xml; path = Info.plist; sourceTree = "<group>"; };
		B71FE2DE1E61768500A629A9 /* GCFunnelChart.h */ = {isa = PBXFileReference; fileEncoding = 4; lastKnownFileType = sourcecode.c.h; path = GCFunnelChart.h; sourceTree = "<group>"; };
		B71FE2DF1E61768500A629A9 /* GCFunnelChart.m */ = {isa = PBXFileReference; fileEncoding = 4; lastKnownFileType = sourcecode.c.objc; path = GCFunnelChart.m; sourceTree = "<group>"; };
		B71FE2E41E6176E700A629A9 /* GCFunnelChartLegend.h */ = {isa = PBXFileReference; fileEncoding = 4; lastKnownFileType = sourcecode.c.h; path = GCFunnelChartLegend.h; sourceTree = "<group>"; };
		B71FE2E51E6176E700A629A9 /* GCFunnelChartLegend.m */ = {isa = PBXFileReference; fileEncoding = 4; lastKnownFileType = sourcecode.c.objc; path = GCFunnelChartLegend.m; sourceTree = "<group>"; };
		B71FE2E71E61771600A629A9 /* GCChartModel.h */ = {isa = PBXFileReference; fileEncoding = 4; lastKnownFileType = sourcecode.c.h; path = GCChartModel.h; sourceTree = "<group>"; };
		B71FE2E81E61771600A629A9 /* GCChartModel.m */ = {isa = PBXFileReference; fileEncoding = 4; lastKnownFileType = sourcecode.c.objc; path = GCChartModel.m; sourceTree = "<group>"; };
		B71FE2EA1E61779600A629A9 /* GCFunnelSlices.h */ = {isa = PBXFileReference; fileEncoding = 4; lastKnownFileType = sourcecode.c.h; path = GCFunnelSlices.h; sourceTree = "<group>"; };
		B71FE2EB1E61779600A629A9 /* GCFunnelSlices.m */ = {isa = PBXFileReference; fileEncoding = 4; lastKnownFileType = sourcecode.c.objc; path = GCFunnelSlices.m; sourceTree = "<group>"; };
		B71FE2ED1E61781200A629A9 /* GCFunnelColorPool.h */ = {isa = PBXFileReference; fileEncoding = 4; lastKnownFileType = sourcecode.c.h; path = GCFunnelColorPool.h; sourceTree = "<group>"; };
		B71FE2EE1E61781200A629A9 /* GCFunnelColorPool.m */ = {isa = PBXFileReference; fileEncoding = 4; lastKnownFileType = sourcecode.c.objc; path = GCFunnelColorPool.m; sourceTree = "<group>"; };
/* End PBXFileReference section */

/* Begin PBXFrameworksBuildPhase section */
		B71FE2C01E61762700A629A9 /* Frameworks */ = {
			isa = PBXFrameworksBuildPhase;
			buildActionMask = 2147483647;
			files = (
			);
			runOnlyForDeploymentPostprocessing = 0;
		};
/* End PBXFrameworksBuildPhase section */

/* Begin PBXGroup section */
		B71FE2BA1E61762700A629A9 = {
			isa = PBXGroup;
			children = (
				B71FE2C51E61762700A629A9 /* gc_funnelchart_demo */,
				B71FE2C41E61762700A629A9 /* Products */,
			);
			sourceTree = "<group>";
		};
		B71FE2C41E61762700A629A9 /* Products */ = {
			isa = PBXGroup;
			children = (
				B71FE2C31E61762700A629A9 /* gc_funnelchart_demo.app */,
			);
			name = Products;
			sourceTree = "<group>";
		};
		B71FE2C51E61762700A629A9 /* gc_funnelchart_demo */ = {
			isa = PBXGroup;
			children = (
				B71FE2DD1E61764A00A629A9 /* GCFunnelChart */,
				B71FE2C91E61762700A629A9 /* AppDelegate.h */,
				B71FE2CA1E61762700A629A9 /* AppDelegate.m */,
				B71FE2CC1E61762700A629A9 /* ViewController.h */,
				B71FE2CD1E61762700A629A9 /* ViewController.m */,
				B71FE2CF1E61762700A629A9 /* Main.storyboard */,
				B71FE2D21E61762700A629A9 /* Assets.xcassets */,
				B71FE2D41E61762700A629A9 /* LaunchScreen.storyboard */,
				B71FE2D71E61762700A629A9 /* Info.plist */,
				6C261D2C1FF8C1FE00B875BB /* README.md */,
				B71FE2C61E61762700A629A9 /* Supporting Files */,
			);
			path = gc_funnelchart_demo;
			sourceTree = "<group>";
		};
		B71FE2C61E61762700A629A9 /* Supporting Files */ = {
			isa = PBXGroup;
			children = (
				B71FE2C71E61762700A629A9 /* main.m */,
			);
			name = "Supporting Files";
			sourceTree = "<group>";
		};
		B71FE2DD1E61764A00A629A9 /* GCFunnelChart */ = {
			isa = PBXGroup;
			children = (
				B71FE2DE1E61768500A629A9 /* GCFunnelChart.h */,
				B71FE2DF1E61768500A629A9 /* GCFunnelChart.m */,
				B71FE2EA1E61779600A629A9 /* GCFunnelSlices.h */,
				B71FE2EB1E61779600A629A9 /* GCFunnelSlices.m */,
				B71FE2E41E6176E700A629A9 /* GCFunnelChartLegend.h */,
				B71FE2E51E6176E700A629A9 /* GCFunnelChartLegend.m */,
				B71FE2E71E61771600A629A9 /* GCChartModel.h */,
				B71FE2E81E61771600A629A9 /* GCChartModel.m */,
				B71FE2ED1E61781200A629A9 /* GCFunnelColorPool.h */,
				B71FE2EE1E61781200A629A9 /* GCFunnelColorPool.m */,
			);
			path = GCFunnelChart;
			sourceTree = "<group>";
		};
/* End PBXGroup section */

/* Begin PBXNativeTarget section */
		B71FE2C21E61762700A629A9 /* gc_funnelchart_demo */ = {
			isa = PBXNativeTarget;
			buildConfigurationList = B71FE2DA1E61762700A629A9 /* Build configuration list for PBXNativeTarget "gc_funnelchart_demo" */;
			buildPhases = (
				B71FE2BF1E61762700A629A9 /* Sources */,
				B71FE2C01E61762700A629A9 /* Frameworks */,
				B71FE2C11E61762700A629A9 /* Resources */,
			);
			buildRules = (
			);
			dependencies = (
			);
			name = gc_funnelchart_demo;
			productName = gc_funnelchart_demo;
			productReference = B71FE2C31E61762700A629A9 /* gc_funnelchart_demo.app */;
			productType = "com.apple.product-type.application";
		};
/* End PBXNativeTarget section */

/* Begin PBXProject section */
		B71FE2BB1E61762700A629A9 /* Project object */ = {
			isa = PBXProject;
			attributes = {
				LastUpgradeCheck = 0820;
				ORGANIZATIONNAME = "辰 宫";
				TargetAttributes = {
					B71FE2C21E61762700A629A9 = {
						CreatedOnToolsVersion = 8.2;
						DevelopmentTeam = F3GJU4GM83;
						ProvisioningStyle = Automatic;
					};
				};
			};
			buildConfigurationList = B71FE2BE1E61762700A629A9 /* Build configuration list for PBXProject "gc_funnelchart_demo" */;
			compatibilityVersion = "Xcode 3.2";
			developmentRegion = English;
			hasScannedForEncodings = 0;
			knownRegions = (
				en,
				Base,
			);
			mainGroup = B71FE2BA1E61762700A629A9;
			productRefGroup = B71FE2C41E61762700A629A9 /* Products */;
			projectDirPath = "";
			projectRoot = "";
			targets = (
				B71FE2C21E61762700A629A9 /* gc_funnelchart_demo */,
			);
		};
/* End PBXProject section */

/* Begin PBXResourcesBuildPhase section */
		B71FE2C11E61762700A629A9 /* Resources */ = {
			isa = PBXResourcesBuildPhase;
			buildActionMask = 2147483647;
			files = (
				B71FE2D61E61762700A629A9 /* LaunchScreen.storyboard in Resources */,
				B71FE2D31E61762700A629A9 /* Assets.xcassets in Resources */,
				6C261D2D1FF8C1FE00B875BB /* README.md in Resources */,
				B71FE2D11E61762700A629A9 /* Main.storyboard in Resources */,
			);
			runOnlyForDeploymentPostprocessing = 0;
		};
/* End PBXResourcesBuildPhase section */

/* Begin PBXSourcesBuildPhase section */
		B71FE2BF1E61762700A629A9 /* Sources */ = {
			isa = PBXSourcesBuildPhase;
			buildActionMask = 2147483647;
			files = (
				B71FE2E91E61771600A629A9 /* GCChartModel.m in Sources */,
				B71FE2EF1E61781200A629A9 /* GCFunnelColorPool.m in Sources */,
				B71FE2CE1E61762700A629A9 /* ViewController.m in Sources */,
				B71FE2CB1E61762700A629A9 /* AppDelegate.m in Sources */,
				B71FE2EC1E61779600A629A9 /* GCFunnelSlices.m in Sources */,
				B71FE2E61E6176E700A629A9 /* GCFunnelChartLegend.m in Sources */,
				B71FE2E01E61768500A629A9 /* GCFunnelChart.m in Sources */,
				B71FE2C81E61762700A629A9 /* main.m in Sources */,
			);
			runOnlyForDeploymentPostprocessing = 0;
		};
/* End PBXSourcesBuildPhase section */

/* Begin PBXVariantGroup section */
		B71FE2CF1E61762700A629A9 /* Main.storyboard */ = {
			isa = PBXVariantGroup;
			children = (
				B71FE2D01E61762700A629A9 /* Base */,
			);
			name = Main.storyboard;
			sourceTree = "<group>";
		};
		B71FE2D41E61762700A629A9 /* LaunchScreen.storyboard */ = {
			isa = PBXVariantGroup;
			children = (
				B71FE2D51E61762700A629A9 /* Base */,
			);
			name = LaunchScreen.storyboard;
			sourceTree = "<group>";
		};
/* End PBXVariantGroup section */

/* Begin XCBuildConfiguration section */
		B71FE2D81E61762700A629A9 /* Debug */ = {
			isa = XCBuildConfiguration;
			buildSettings = {
				ALWAYS_SEARCH_USER_PATHS = NO;
				CLANG_ANALYZER_NONNULL = YES;
				CLANG_CXX_LANGUAGE_STANDARD = "gnu++0x";
				CLANG_CXX_LIBRARY = "libc++";
				CLANG_ENABLE_MODULES = YES;
				CLANG_ENABLE_OBJC_ARC = YES;
				CLANG_WARN_BOOL_CONVERSION = YES;
				CLANG_WARN_CONSTANT_CONVERSION = YES;
				CLANG_WARN_DIRECT_OBJC_ISA_USAGE = YES_ERROR;
				CLANG_WARN_DOCUMENTATION_COMMENTS = YES;
				CLANG_WARN_EMPTY_BODY = YES;
				CLANG_WARN_ENUM_CONVERSION = YES;
				CLANG_WARN_INFINITE_RECURSION = YES;
				CLANG_WARN_INT_CONVERSION = YES;
				CLANG_WARN_OBJC_ROOT_CLASS = YES_ERROR;
				CLANG_WARN_SUSPICIOUS_MOVE = YES;
				CLANG_WARN_UNREACHABLE_CODE = YES;
				CLANG_WARN__DUPLICATE_METHOD_MATCH = YES;
				"CODE_SIGN_IDENTITY[sdk=iphoneos*]" = "iPhone Developer";
				COPY_PHASE_STRIP = NO;
				DEBUG_INFORMATION_FORMAT = dwarf;
				ENABLE_STRICT_OBJC_MSGSEND = YES;
				ENABLE_TESTABILITY = YES;
				GCC_C_LANGUAGE_STANDARD = gnu99;
				GCC_DYNAMIC_NO_PIC = NO;
				GCC_NO_COMMON_BLOCKS = YES;
				GCC_OPTIMIZATION_LEVEL = 0;
				GCC_PREPROCESSOR_DEFINITIONS = (
					"DEBUG=1",
					"$(inherited)",
				);
				GCC_WARN_64_TO_32_BIT_CONVERSION = YES;
				GCC_WARN_ABOUT_RETURN_TYPE = YES_ERROR;
				GCC_WARN_UNDECLARED_SELECTOR = YES;
				GCC_WARN_UNINITIALIZED_AUTOS = YES_AGGRESSIVE;
				GCC_WARN_UNUSED_FUNCTION = YES;
				GCC_WARN_UNUSED_VARIABLE = YES;
				IPHONEOS_DEPLOYMENT_TARGET = 10.2;
				MTL_ENABLE_DEBUG_INFO = YES;
				ONLY_ACTIVE_ARCH = YES;
				SDKROOT = iphoneos;
			};
			name = Debug;
		};
		B71FE2D91E61762700A629A9 /* Release */ = {
			isa = XCBuildConfiguration;
			buildSettings = {
				ALWAYS_SEARCH_USER_PATHS = NO;
				CLANG_ANALYZER_NONNULL = YES;
				CLANG_CXX_LANGUAGE_STANDARD = "gnu++0x";
				CLANG_CXX_LIBRARY = "libc++";
				CLANG_ENABLE_MODULES = YES;
				CLANG_ENABLE_OBJC_ARC = YES;
				CLANG_WARN_BOOL_CONVERSION = YES;
				CLANG_WARN_CONSTANT_CONVERSION = YES;
				CLANG_WARN_DIRECT_OBJC_ISA_USAGE = YES_ERROR;
				CLANG_WARN_DOCUMENTATION_COMMENTS = YES;
				CLANG_WARN_EMPTY_BODY = YES;
				CLANG_WARN_ENUM_CONVERSION = YES;
				CLANG_WARN_INFINITE_RECURSION = YES;
				CLANG_WARN_INT_CONVERSION = YES;
				CLANG_WARN_OBJC_ROOT_CLASS = YES_ERROR;
				CLANG_WARN_SUSPICIOUS_MOVE = YES;
				CLANG_WARN_UNREACHABLE_CODE = YES;
				CLANG_WARN__DUPLICATE_METHOD_MATCH = YES;
				"CODE_SIGN_IDENTITY[sdk=iphoneos*]" = "iPhone Developer";
				COPY_PHASE_STRIP = NO;
				DEBUG_INFORMATION_FORMAT = "dwarf-with-dsym";
				ENABLE_NS_ASSERTIONS = NO;
				ENABLE_STRICT_OBJC_MSGSEND = YES;
				GCC_C_LANGUAGE_STANDARD = gnu99;
				GCC_NO_COMMON_BLOCKS = YES;
				GCC_WARN_64_TO_32_BIT_CONVERSION = YES;
				GCC_WARN_ABOUT_RETURN_TYPE = YES_ERROR;
				GCC_WARN_UNDECLARED_SELECTOR = YES;
				GCC_WARN_UNINITIALIZED_AUTOS = YES_AGGRESSIVE;
				GCC_WARN_UNUSED_FUNCTION = YES;
				GCC_WARN_UNUSED_VARIABLE = YES;
				IPHONEOS_DEPLOYMENT_TARGET = 10.2;
				MTL_ENABLE_DEBUG_INFO = NO;
				SDKROOT = iphoneos;
				VALIDATE_PRODUCT = YES;
			};
			name = Release;
		};
		B71FE2DB1E61762700A629A9 /* Debug */ = {
			isa = XCBuildConfiguration;
			buildSettings = {
				ASSETCATALOG_COMPILER_APPICON_NAME = AppIcon;
				DEVELOPMENT_TEAM = F3GJU4GM83;
				INFOPLIST_FILE = gc_funnelchart_demo/Info.plist;
				IPHONEOS_DEPLOYMENT_TARGET = 9.0;
				LD_RUNPATH_SEARCH_PATHS = "$(inherited) @executable_path/Frameworks";
				PRODUCT_BUNDLE_IDENTIFIER = "ctgtmo.com.gc-funnelchart-demo";
				PRODUCT_NAME = "$(TARGET_NAME)";
			};
			name = Debug;
		};
		B71FE2DC1E61762700A629A9 /* Release */ = {
			isa = XCBuildConfiguration;
			buildSettings = {
				ASSETCATALOG_COMPILER_APPICON_NAME = AppIcon;
				DEVELOPMENT_TEAM = F3GJU4GM83;
				INFOPLIST_FILE = gc_funnelchart_demo/Info.plist;
				IPHONEOS_DEPLOYMENT_TARGET = 9.0;
				LD_RUNPATH_SEARCH_PATHS = "$(inherited) @executable_path/Frameworks";
				PRODUCT_BUNDLE_IDENTIFIER = "ctgtmo.com.gc-funnelchart-demo";
				PRODUCT_NAME = "$(TARGET_NAME)";
			};
			name = Release;
		};
/* End XCBuildConfiguration section */

/* Begin XCConfigurationList section */
		B71FE2BE1E61762700A629A9 /* Build configuration list for PBXProject "gc_funnelchart_demo" */ = {
			isa = XCConfigurationList;
			buildConfigurations = (
				B71FE2D81E61762700A629A9 /* Debug */,
				B71FE2D91E61762700A629A9 /* Release */,
			);
			defaultConfigurationIsVisible = 0;
			defaultConfigurationName = Release;
		};
		B71FE2DA1E61762700A629A9 /* Build configuration list for PBXNativeTarget "gc_funnelchart_demo" */ = {
			isa = XCConfigurationList;
			buildConfigurations = (
				B71FE2DB1E61762700A629A9 /* Debug */,
				B71FE2DC1E61762700A629A9 /* Release */,
			);
			defaultConfigurationIsVisible = 0;
			defaultConfigurationName = Release;
		};
/* End XCConfigurationList section */
	};
	rootObject = B71FE2BB1E61762700A629A9 /* Project object */;
}
